
Microsoft Visual Studio Solution File, Format Version 12.00
# Visual Studio Version 17
VisualStudioVersion = 17.5.33424.131
MinimumVisualStudioVersion = 10.0.40219.1
Project("{FAE04EC0-301F-11D3-BF4B-00C04F79EFBC}") = "07.04.23_HW", "BestOil\07.04.23_HW.csproj", "{C660E47E-6A7A-48F7-98D3-54C7EAF054C2}"
EndProject
Global
	GlobalSection(SolutionConfigurationPlatforms) = preSolution
		Debug|Any CPU = Debug|Any CPU
		Release|Any CPU = Release|Any CPU
	EndGlobalSection
	GlobalSection(ProjectConfigurationPlatforms) = postSolution
		{C660E47E-6A7A-48F7-98D3-54C7EAF054C2}.Debug|Any CPU.ActiveCfg = Debug|Any CPU
		{C660E47E-6A7A-48F7-98D3-54C7EAF054C2}.Debug|Any CPU.Build.0 = Debug|Any CPU
		{C660E47E-6A7A-48F7-98D3-54C7EAF054C2}.Release|Any CPU.ActiveCfg = Release|Any CPU
		{C660E47E-6A7A-48F7-98D3-54C7EAF054C2}.Release|Any CPU.Build.0 = Release|Any CPU
	EndGlobalSection
	GlobalSection(SolutionProperties) = preSolution
		HideSolutionNode = FALSE
	EndGlobalSection
	GlobalSection(ExtensibilityGlobals) = postSolution
		SolutionGuid = {F214BDCE-EA15-4E38-A92E-A420C8ACB4F0}
	EndGlobalSection
EndGlobal
